
Microsoft Visual Studio Solution File, Format Version 12.00
# Visual Studio 15
VisualStudioVersion = 15.0.28307.421
MinimumVisualStudioVersion = 10.0.40219.1
Project("{FAE04EC0-301F-11D3-BF4B-00C04F79EFBC}") = "MorseCode.Android", "MorseCode\MorseCode.Android\MorseCode.Android.csproj", "{91A63A7C-0ED1-4F7F-8B84-093EE5832D67}"
EndProject
Project("{FAE04EC0-301F-11D3-BF4B-00C04F79EFBC}") = "MorseCode.iOS", "MorseCode\MorseCode.iOS\MorseCode.iOS.csproj", "{1833424D-9124-443D-B24A-9205494E5D06}"
EndProject
Project("{FAE04EC0-301F-11D3-BF4B-00C04F79EFBC}") = "MorseCode.UWP", "MorseCode\MorseCode.UWP\MorseCode.UWP.csproj", "{FDC86533-96D5-41B4-A530-693387DEA736}"
EndProject
Project("{FAE04EC0-301F-11D3-BF4B-00C04F79EFBC}") = "MorseCode", "MorseCode\MorseCode\MorseCode.csproj", "{3317CC35-B36F-42FB-BA98-650D27678D3D}"
EndProject
Global
	GlobalSection(SolutionConfigurationPlatforms) = preSolution
		Ad-Hoc|Any CPU = Ad-Hoc|Any CPU
		Ad-Hoc|ARM = Ad-Hoc|ARM
		Ad-Hoc|iPhone = Ad-Hoc|iPhone
		Ad-Hoc|iPhoneSimulator = Ad-Hoc|iPhoneSimulator
		Ad-Hoc|x64 = Ad-Hoc|x64
		Ad-Hoc|x86 = Ad-Hoc|x86
		AppStore|Any CPU = AppStore|Any CPU
		AppStore|ARM = AppStore|ARM
		AppStore|iPhone = AppStore|iPhone
		AppStore|iPhoneSimulator = AppStore|iPhoneSimulator
		AppStore|x64 = AppStore|x64
		AppStore|x86 = AppStore|x86
		Debug|Any CPU = Debug|Any CPU
		Debug|ARM = Debug|ARM
		Debug|iPhone = Debug|iPhone
		Debug|iPhoneSimulator = Debug|iPhoneSimulator
		Debug|x64 = Debug|x64
		Debug|x86 = Debug|x86
		Release|Any CPU = Release|Any CPU
		Release|ARM = Release|ARM
		Release|iPhone = Release|iPhone
		Release|iPhoneSimulator = Release|iPhoneSimulator
		Release|x64 = Release|x64
		Release|x86 = Release|x86
	EndGlobalSection
	GlobalSection(ProjectConfigurationPlatforms) = postSolution
		{91A63A7C-0ED1-4F7F-8B84-093EE5832D67}.Ad-Hoc|Any CPU.ActiveCfg = Release|Any CPU
		{91A63A7C-0ED1-4F7F-8B84-093EE5832D67}.Ad-Hoc|Any CPU.Build.0 = Release|Any CPU
		{91A63A7C-0ED1-4F7F-8B84-093EE5832D67}.Ad-Hoc|Any CPU.Deploy.0 = Release|Any CPU
		{91A63A7C-0ED1-4F7F-8B84-093EE5832D67}.Ad-Hoc|ARM.ActiveCfg = Release|Any CPU
		{91A63A7C-0ED1-4F7F-8B84-093EE5832D67}.Ad-Hoc|ARM.Build.0 = Release|Any CPU
		{91A63A7C-0ED1-4F7F-8B84-093EE5832D67}.Ad-Hoc|ARM.Deploy.0 = Release|Any CPU
		{91A63A7C-0ED1-4F7F-8B84-093EE5832D67}.Ad-Hoc|iPhone.ActiveCfg = Release|Any CPU
		{91A63A7C-0ED1-4F7F-8B84-093EE5832D67}.Ad-Hoc|iPhone.Build.0 = Release|Any CPU
		{91A63A7C-0ED1-4F7F-8B84-093EE5832D67}.Ad-Hoc|iPhone.Deploy.0 = Release|Any CPU
		{91A63A7C-0ED1-4F7F-8B84-093EE5832D67}.Ad-Hoc|iPhoneSimulator.ActiveCfg = Release|Any CPU
		{91A63A7C-0ED1-4F7F-8B84-093EE5832D67}.Ad-Hoc|iPhoneSimulator.Build.0 = Release|Any CPU
		{91A63A7C-0ED1-4F7F-8B84-093EE5832D67}.Ad-Hoc|iPhoneSimulator.Deploy.0 = Release|Any CPU
		{91A63A7C-0ED1-4F7F-8B84-093EE5832D67}.Ad-Hoc|x64.ActiveCfg = Release|Any CPU
		{91A63A7C-0ED1-4F7F-8B84-093EE5832D67}.Ad-Hoc|x64.Build.0 = Release|Any CPU
		{91A63A7C-0ED1-4F7F-8B84-093EE5832D67}.Ad-Hoc|x64.Deploy.0 = Release|Any CPU
		{91A63A7C-0ED1-4F7F-8B84-093EE5832D67}.Ad-Hoc|x86.ActiveCfg = Release|Any CPU
		{91A63A7C-0ED1-4F7F-8B84-093EE5832D67}.Ad-Hoc|x86.Build.0 = Release|Any CPU
		{91A63A7C-0ED1-4F7F-8B84-093EE5832D67}.Ad-Hoc|x86.Deploy.0 = Release|Any CPU
		{91A63A7C-0ED1-4F7F-8B84-093EE5832D67}.AppStore|Any CPU.ActiveCfg = Release|Any CPU
		{91A63A7C-0ED1-4F7F-8B84-093EE5832D67}.AppStore|Any CPU.Build.0 = Release|Any CPU
		{91A63A7C-0ED1-4F7F-8B84-093EE5832D67}.AppStore|Any CPU.Deploy.0 = Release|Any CPU
		{91A63A7C-0ED1-4F7F-8B84-093EE5832D67}.AppStore|ARM.ActiveCfg = Release|Any CPU
		{91A63A7C-0ED1-4F7F-8B84-093EE5832D67}.AppStore|ARM.Build.0 = Release|Any CPU
		{91A63A7C-0ED1-4F7F-8B84-093EE5832D67}.AppStore|ARM.Deploy.0 = Release|Any CPU
		{91A63A7C-0ED1-4F7F-8B84-093EE5832D67}.AppStore|iPhone.ActiveCfg = Release|Any CPU
		{91A63A7C-0ED1-4F7F-8B84-093EE5832D67}.AppStore|iPhone.Build.0 = Release|Any CPU
		{91A63A7C-0ED1-4F7F-8B84-093EE5832D67}.AppStore|iPhone.Deploy.0 = Release|Any CPU
		{91A63A7C-0ED1-4F7F-8B84-093EE5832D67}.AppStore|iPhoneSimulator.ActiveCfg = Release|Any CPU
		{91A63A7C-0ED1-4F7F-8B84-093EE5832D67}.AppStore|iPhoneSimulator.Build.0 = Release|Any CPU
		{91A63A7C-0ED1-4F7F-8B84-093EE5832D67}.AppStore|iPhoneSimulator.Deploy.0 = Release|Any CPU
		{91A63A7C-0ED1-4F7F-8B84-093EE5832D67}.AppStore|x64.ActiveCfg = Release|Any CPU
		{91A63A7C-0ED1-4F7F-8B84-093EE5832D67}.AppStore|x64.Build.0 = Release|Any CPU
		{91A63A7C-0ED1-4F7F-8B84-093EE5832D67}.AppStore|x64.Deploy.0 = Release|Any CPU
		{91A63A7C-0ED1-4F7F-8B84-093EE5832D67}.AppStore|x86.ActiveCfg = Release|Any CPU
		{91A63A7C-0ED1-4F7F-8B84-093EE5832D67}.AppStore|x86.Build.0 = Release|Any CPU
		{91A63A7C-0ED1-4F7F-8B84-093EE5832D67}.AppStore|x86.Deploy.0 = Release|Any CPU
		{91A63A7C-0ED1-4F7F-8B84-093EE5832D67}.Debug|Any CPU.ActiveCfg = Debug|Any CPU
		{91A63A7C-0ED1-4F7F-8B84-093EE5832D67}.Debug|Any CPU.Build.0 = Debug|Any CPU
		{91A63A7C-0ED1-4F7F-8B84-093EE5832D67}.Debug|Any CPU.Deploy.0 = Debug|Any CPU
		{91A63A7C-0ED1-4F7F-8B84-093EE5832D67}.Debug|ARM.ActiveCfg = Debug|Any CPU
		{91A63A7C-0ED1-4F7F-8B84-093EE5832D67}.Debug|ARM.Build.0 = Debug|Any CPU
		{91A63A7C-0ED1-4F7F-8B84-093EE5832D67}.Debug|ARM.Deploy.0 = Debug|Any CPU
		{91A63A7C-0ED1-4F7F-8B84-093EE5832D67}.Debug|iPhone.ActiveCfg = Debug|Any CPU
		{91A63A7C-0ED1-4F7F-8B84-093EE5832D67}.Debug|iPhone.Build.0 = Debug|Any CPU
		{91A63A7C-0ED1-4F7F-8B84-093EE5832D67}.Debug|iPhone.Deploy.0 = Debug|Any CPU
		{91A63A7C-0ED1-4F7F-8B84-093EE5832D67}.Debug|iPhoneSimulator.ActiveCfg = Debug|Any CPU
		{91A63A7C-0ED1-4F7F-8B84-093EE5832D67}.Debug|iPhoneSimulator.Build.0 = Debug|Any CPU
		{91A63A7C-0ED1-4F7F-8B84-093EE5832D67}.Debug|iPhoneSimulator.Deploy.0 = Debug|Any CPU
		{91A63A7C-0ED1-4F7F-8B84-093EE5832D67}.Debug|x64.ActiveCfg = Debug|Any CPU
		{91A63A7C-0ED1-4F7F-8B84-093EE5832D67}.Debug|x64.Build.0 = Debug|Any CPU
		{91A63A7C-0ED1-4F7F-8B84-093EE5832D67}.Debug|x64.Deploy.0 = Debug|Any CPU
		{91A63A7C-0ED1-4F7F-8B84-093EE5832D67}.Debug|x86.ActiveCfg = Debug|Any CPU
		{91A63A7C-0ED1-4F7F-8B84-093EE5832D67}.Debug|x86.Build.0 = Debug|Any CPU
		{91A63A7C-0ED1-4F7F-8B84-093EE5832D67}.Debug|x86.Deploy.0 = Debug|Any CPU
		{91A63A7C-0ED1-4F7F-8B84-093EE5832D67}.Release|Any CPU.ActiveCfg = Release|Any CPU
		{91A63A7C-0ED1-4F7F-8B84-093EE5832D67}.Release|Any CPU.Build.0 = Release|Any CPU
		{91A63A7C-0ED1-4F7F-8B84-093EE5832D67}.Release|Any CPU.Deploy.0 = Release|Any CPU
		{91A63A7C-0ED1-4F7F-8B84-093EE5832D67}.Release|ARM.ActiveCfg = Release|Any CPU
		{91A63A7C-0ED1-4F7F-8B84-093EE5832D67}.Release|ARM.Build.0 = Release|Any CPU
		{91A63A7C-0ED1-4F7F-8B84-093EE5832D67}.Release|ARM.Deploy.0 = Release|Any CPU
		{91A63A7C-0ED1-4F7F-8B84-093EE5832D67}.Release|iPhone.ActiveCfg = Release|Any CPU
		{91A63A7C-0ED1-4F7F-8B84-093EE5832D67}.Release|iPhone.Build.0 = Release|Any CPU
		{91A63A7C-0ED1-4F7F-8B84-093EE5832D67}.Release|iPhone.Deploy.0 = Release|Any CPU
		{91A63A7C-0ED1-4F7F-8B84-093EE5832D67}.Release|iPhoneSimulator.ActiveCfg = Release|Any CPU
		{91A63A7C-0ED1-4F7F-8B84-093EE5832D67}.Release|iPhoneSimulator.Build.0 = Release|Any CPU
		{91A63A7C-0ED1-4F7F-8B84-093EE5832D67}.Release|iPhoneSimulator.Deploy.0 = Release|Any CPU
		{91A63A7C-0ED1-4F7F-8B84-093EE5832D67}.Release|x64.ActiveCfg = Release|Any CPU
		{91A63A7C-0ED1-4F7F-8B84-093EE5832D67}.Release|x64.Build.0 = Release|Any CPU
		{91A63A7C-0ED1-4F7F-8B84-093EE5832D67}.Release|x64.Deploy.0 = Release|Any CPU
		{91A63A7C-0ED1-4F7F-8B84-093EE5832D67}.Release|x86.ActiveCfg = Release|Any CPU
		{91A63A7C-0ED1-4F7F-8B84-093EE5832D67}.Release|x86.Build.0 = Release|Any CPU
		{91A63A7C-0ED1-4F7F-8B84-093EE5832D67}.Release|x86.Deploy.0 = Release|Any CPU
		{1833424D-9124-443D-B24A-9205494E5D06}.Ad-Hoc|Any CPU.ActiveCfg = Ad-Hoc|iPhone
		{1833424D-9124-443D-B24A-9205494E5D06}.Ad-Hoc|Any CPU.Build.0 = Ad-Hoc|iPhone
		{1833424D-9124-443D-B24A-9205494E5D06}.Ad-Hoc|Any CPU.Deploy.0 = Ad-Hoc|iPhone
		{1833424D-9124-443D-B24A-9205494E5D06}.Ad-Hoc|ARM.ActiveCfg = Ad-Hoc|iPhone
		{1833424D-9124-443D-B24A-9205494E5D06}.Ad-Hoc|ARM.Build.0 = Ad-Hoc|iPhone
		{1833424D-9124-443D-B24A-9205494E5D06}.Ad-Hoc|ARM.Deploy.0 = Ad-Hoc|iPhone
		{1833424D-9124-443D-B24A-9205494E5D06}.Ad-Hoc|iPhone.ActiveCfg = Ad-Hoc|iPhone
		{1833424D-9124-443D-B24A-9205494E5D06}.Ad-Hoc|iPhone.Build.0 = Ad-Hoc|iPhone
		{1833424D-9124-443D-B24A-9205494E5D06}.Ad-Hoc|iPhone.Deploy.0 = Ad-Hoc|iPhone
		{1833424D-9124-443D-B24A-9205494E5D06}.Ad-Hoc|iPhoneSimulator.ActiveCfg = Ad-Hoc|iPhoneSimulator
		{1833424D-9124-443D-B24A-9205494E5D06}.Ad-Hoc|iPhoneSimulator.Build.0 = Ad-Hoc|iPhoneSimulator
		{1833424D-9124-443D-B24A-9205494E5D06}.Ad-Hoc|iPhoneSimulator.Deploy.0 = Ad-Hoc|iPhoneSimulator
		{1833424D-9124-443D-B24A-9205494E5D06}.Ad-Hoc|x64.ActiveCfg = Ad-Hoc|iPhone
		{1833424D-9124-443D-B24A-9205494E5D06}.Ad-Hoc|x64.Build.0 = Ad-Hoc|iPhone
		{1833424D-9124-443D-B24A-9205494E5D06}.Ad-Hoc|x64.Deploy.0 = Ad-Hoc|iPhone
		{1833424D-9124-443D-B24A-9205494E5D06}.Ad-Hoc|x86.ActiveCfg = Ad-Hoc|iPhone
		{1833424D-9124-443D-B24A-9205494E5D06}.Ad-Hoc|x86.Build.0 = Ad-Hoc|iPhone
		{1833424D-9124-443D-B24A-9205494E5D06}.Ad-Hoc|x86.Deploy.0 = Ad-Hoc|iPhone
		{1833424D-9124-443D-B24A-9205494E5D06}.AppStore|Any CPU.ActiveCfg = AppStore|iPhone
		{1833424D-9124-443D-B24A-9205494E5D06}.AppStore|Any CPU.Build.0 = AppStore|iPhone
		{1833424D-9124-443D-B24A-9205494E5D06}.AppStore|Any CPU.Deploy.0 = AppStore|iPhone
		{1833424D-9124-443D-B24A-9205494E5D06}.AppStore|ARM.ActiveCfg = AppStore|iPhone
		{1833424D-9124-443D-B24A-9205494E5D06}.AppStore|ARM.Build.0 = AppStore|iPhone
		{1833424D-9124-443D-B24A-9205494E5D06}.AppStore|ARM.Deploy.0 = AppStore|iPhone
		{1833424D-9124-443D-B24A-9205494E5D06}.AppStore|iPhone.ActiveCfg = AppStore|iPhone
		{1833424D-9124-443D-B24A-9205494E5D06}.AppStore|iPhone.Build.0 = AppStore|iPhone
		{1833424D-9124-443D-B24A-9205494E5D06}.AppStore|iPhone.Deploy.0 = AppStore|iPhone
		{1833424D-9124-443D-B24A-9205494E5D06}.AppStore|iPhoneSimulator.ActiveCfg = AppStore|iPhoneSimulator
		{1833424D-9124-443D-B24A-9205494E5D06}.AppStore|iPhoneSimulator.Build.0 = AppStore|iPhoneSimulator
		{1833424D-9124-443D-B24A-9205494E5D06}.AppStore|iPhoneSimulator.Deploy.0 = AppStore|iPhoneSimulator
		{1833424D-9124-443D-B24A-9205494E5D06}.AppStore|x64.ActiveCfg = AppStore|iPhone
		{1833424D-9124-443D-B24A-9205494E5D06}.AppStore|x64.Build.0 = AppStore|iPhone
		{1833424D-9124-443D-B24A-9205494E5D06}.AppStore|x64.Deploy.0 = AppStore|iPhone
		{1833424D-9124-443D-B24A-9205494E5D06}.AppStore|x86.ActiveCfg = AppStore|iPhone
		{1833424D-9124-443D-B24A-9205494E5D06}.AppStore|x86.Build.0 = AppStore|iPhone
		{1833424D-9124-443D-B24A-9205494E5D06}.AppStore|x86.Deploy.0 = AppStore|iPhone
		{1833424D-9124-443D-B24A-9205494E5D06}.Debug|Any CPU.ActiveCfg = Debug|iPhoneSimulator
		{1833424D-9124-443D-B24A-9205494E5D06}.Debug|Any CPU.Build.0 = Debug|iPhoneSimulator
		{1833424D-9124-443D-B24A-9205494E5D06}.Debug|Any CPU.Deploy.0 = Debug|iPhoneSimulator
		{1833424D-9124-443D-B24A-9205494E5D06}.Debug|ARM.ActiveCfg = Debug|iPhone
		{1833424D-9124-443D-B24A-9205494E5D06}.Debug|ARM.Build.0 = Debug|iPhone
		{1833424D-9124-443D-B24A-9205494E5D06}.Debug|ARM.Deploy.0 = Debug|iPhone
		{1833424D-9124-443D-B24A-9205494E5D06}.Debug|iPhone.ActiveCfg = Debug|iPhone
		{1833424D-9124-443D-B24A-9205494E5D06}.Debug|iPhone.Build.0 = Debug|iPhone
		{1833424D-9124-443D-B24A-9205494E5D06}.Debug|iPhone.Deploy.0 = Debug|iPhone
		{1833424D-9124-443D-B24A-9205494E5D06}.Debug|iPhoneSimulator.ActiveCfg = Debug|iPhoneSimulator
		{1833424D-9124-443D-B24A-9205494E5D06}.Debug|iPhoneSimulator.Build.0 = Debug|iPhoneSimulator
		{1833424D-9124-443D-B24A-9205494E5D06}.Debug|iPhoneSimulator.Deploy.0 = Debug|iPhoneSimulator
		{1833424D-9124-443D-B24A-9205494E5D06}.Debug|x64.ActiveCfg = Debug|iPhone
		{1833424D-9124-443D-B24A-9205494E5D06}.Debug|x64.Build.0 = Debug|iPhone
		{1833424D-9124-443D-B24A-9205494E5D06}.Debug|x64.Deploy.0 = Debug|iPhone
		{1833424D-9124-443D-B24A-9205494E5D06}.Debug|x86.ActiveCfg = Debug|iPhone
		{1833424D-9124-443D-B24A-9205494E5D06}.Debug|x86.Build.0 = Debug|iPhone
		{1833424D-9124-443D-B24A-9205494E5D06}.Debug|x86.Deploy.0 = Debug|iPhone
		{1833424D-9124-443D-B24A-9205494E5D06}.Release|Any CPU.ActiveCfg = Release|iPhone
		{1833424D-9124-443D-B24A-9205494E5D06}.Release|Any CPU.Build.0 = Release|iPhone
		{1833424D-9124-443D-B24A-9205494E5D06}.Release|Any CPU.Deploy.0 = Release|iPhone
		{1833424D-9124-443D-B24A-9205494E5D06}.Release|ARM.ActiveCfg = Release|iPhone
		{1833424D-9124-443D-B24A-9205494E5D06}.Release|ARM.Build.0 = Release|iPhone
		{1833424D-9124-443D-B24A-9205494E5D06}.Release|ARM.Deploy.0 = Release|iPhone
		{1833424D-9124-443D-B24A-9205494E5D06}.Release|iPhone.ActiveCfg = Release|iPhone
		{1833424D-9124-443D-B24A-9205494E5D06}.Release|iPhone.Build.0 = Release|iPhone
		{1833424D-9124-443D-B24A-9205494E5D06}.Release|iPhone.Deploy.0 = Release|iPhone
		{1833424D-9124-443D-B24A-9205494E5D06}.Release|iPhoneSimulator.ActiveCfg = Release|iPhoneSimulator
		{1833424D-9124-443D-B24A-9205494E5D06}.Release|iPhoneSimulator.Build.0 = Release|iPhoneSimulator
		{1833424D-9124-443D-B24A-9205494E5D06}.Release|iPhoneSimulator.Deploy.0 = Release|iPhoneSimulator
		{1833424D-9124-443D-B24A-9205494E5D06}.Release|x64.ActiveCfg = Release|iPhone
		{1833424D-9124-443D-B24A-9205494E5D06}.Release|x64.Build.0 = Release|iPhone
		{1833424D-9124-443D-B24A-9205494E5D06}.Release|x64.Deploy.0 = Release|iPhone
		{1833424D-9124-443D-B24A-9205494E5D06}.Release|x86.ActiveCfg = Release|iPhone
		{1833424D-9124-443D-B24A-9205494E5D06}.Release|x86.Build.0 = Release|iPhone
		{1833424D-9124-443D-B24A-9205494E5D06}.Release|x86.Deploy.0 = Release|iPhone
		{FDC86533-96D5-41B4-A530-693387DEA736}.Ad-Hoc|Any CPU.ActiveCfg = Release|x86
		{FDC86533-96D5-41B4-A530-693387DEA736}.Ad-Hoc|Any CPU.Build.0 = Release|x86
		{FDC86533-96D5-41B4-A530-693387DEA736}.Ad-Hoc|Any CPU.Deploy.0 = Release|x86
		{FDC86533-96D5-41B4-A530-693387DEA736}.Ad-Hoc|ARM.ActiveCfg = Release|ARM
		{FDC86533-96D5-41B4-A530-693387DEA736}.Ad-Hoc|ARM.Build.0 = Release|ARM
		{FDC86533-96D5-41B4-A530-693387DEA736}.Ad-Hoc|ARM.Deploy.0 = Release|ARM
		{FDC86533-96D5-41B4-A530-693387DEA736}.Ad-Hoc|iPhone.ActiveCfg = Release|x86
		{FDC86533-96D5-41B4-A530-693387DEA736}.Ad-Hoc|iPhone.Build.0 = Release|x86
		{FDC86533-96D5-41B4-A530-693387DEA736}.Ad-Hoc|iPhone.Deploy.0 = Release|x86
		{FDC86533-96D5-41B4-A530-693387DEA736}.Ad-Hoc|iPhoneSimulator.ActiveCfg = Release|x86
		{FDC86533-96D5-41B4-A530-693387DEA736}.Ad-Hoc|iPhoneSimulator.Build.0 = Release|x86
		{FDC86533-96D5-41B4-A530-693387DEA736}.Ad-Hoc|iPhoneSimulator.Deploy.0 = Release|x86
		{FDC86533-96D5-41B4-A530-693387DEA736}.Ad-Hoc|x64.ActiveCfg = Release|x64
		{FDC86533-96D5-41B4-A530-693387DEA736}.Ad-Hoc|x64.Build.0 = Release|x64
		{FDC86533-96D5-41B4-A530-693387DEA736}.Ad-Hoc|x64.Deploy.0 = Release|x64
		{FDC86533-96D5-41B4-A530-693387DEA736}.Ad-Hoc|x86.ActiveCfg = Release|x86
		{FDC86533-96D5-41B4-A530-693387DEA736}.Ad-Hoc|x86.Build.0 = Release|x86
		{FDC86533-96D5-41B4-A530-693387DEA736}.Ad-Hoc|x86.Deploy.0 = Release|x86
		{FDC86533-96D5-41B4-A530-693387DEA736}.AppStore|Any CPU.ActiveCfg = Release|x86
		{FDC86533-96D5-41B4-A530-693387DEA736}.AppStore|Any CPU.Build.0 = Release|x86
		{FDC86533-96D5-41B4-A530-693387DEA736}.AppStore|Any CPU.Deploy.0 = Release|x86
		{FDC86533-96D5-41B4-A530-693387DEA736}.AppStore|ARM.ActiveCfg = Release|ARM
		{FDC86533-96D5-41B4-A530-693387DEA736}.AppStore|ARM.Build.0 = Release|ARM
		{FDC86533-96D5-41B4-A530-693387DEA736}.AppStore|ARM.Deploy.0 = Release|ARM
		{FDC86533-96D5-41B4-A530-693387DEA736}.AppStore|iPhone.ActiveCfg = Release|x86
		{FDC86533-96D5-41B4-A530-693387DEA736}.AppStore|iPhone.Build.0 = Release|x86
		{FDC86533-96D5-41B4-A530-693387DEA736}.AppStore|iPhone.Deploy.0 = Release|x86
		{FDC86533-96D5-41B4-A530-693387DEA736}.AppStore|iPhoneSimulator.ActiveCfg = Release|x86
		{FDC86533-96D5-41B4-A530-693387DEA736}.AppStore|iPhoneSimulator.Build.0 = Release|x86
		{FDC86533-96D5-41B4-A530-693387DEA736}.AppStore|iPhoneSimulator.Deploy.0 = Release|x86
		{FDC86533-96D5-41B4-A530-693387DEA736}.AppStore|x64.ActiveCfg = Release|x64
		{FDC86533-96D5-41B4-A530-693387DEA736}.AppStore|x64.Build.0 = Release|x64
		{FDC86533-96D5-41B4-A530-693387DEA736}.AppStore|x64.Deploy.0 = Release|x64
		{FDC86533-96D5-41B4-A530-693387DEA736}.AppStore|x86.ActiveCfg = Release|x86
		{FDC86533-96D5-41B4-A530-693387DEA736}.AppStore|x86.Build.0 = Release|x86
		{FDC86533-96D5-41B4-A530-693387DEA736}.AppStore|x86.Deploy.0 = Release|x86
		{FDC86533-96D5-41B4-A530-693387DEA736}.Debug|Any CPU.ActiveCfg = Debug|x86
		{FDC86533-96D5-41B4-A530-693387DEA736}.Debug|Any CPU.Build.0 = Debug|x86
		{FDC86533-96D5-41B4-A530-693387DEA736}.Debug|Any CPU.Deploy.0 = Debug|x86
		{FDC86533-96D5-41B4-A530-693387DEA736}.Debug|ARM.ActiveCfg = Debug|ARM
		{FDC86533-96D5-41B4-A530-693387DEA736}.Debug|ARM.Build.0 = Debug|ARM
		{FDC86533-96D5-41B4-A530-693387DEA736}.Debug|ARM.Deploy.0 = Debug|ARM
		{FDC86533-96D5-41B4-A530-693387DEA736}.Debug|iPhone.ActiveCfg = Debug|x86
		{FDC86533-96D5-41B4-A530-693387DEA736}.Debug|iPhone.Build.0 = Debug|x86
		{FDC86533-96D5-41B4-A530-693387DEA736}.Debug|iPhone.Deploy.0 = Debug|x86
		{FDC86533-96D5-41B4-A530-693387DEA736}.Debug|iPhoneSimulator.ActiveCfg = Debug|x86
		{FDC86533-96D5-41B4-A530-693387DEA736}.Debug|iPhoneSimulator.Build.0 = Debug|x86
		{FDC86533-96D5-41B4-A530-693387DEA736}.Debug|iPhoneSimulator.Deploy.0 = Debug|x86
		{FDC86533-96D5-41B4-A530-693387DEA736}.Debug|x64.ActiveCfg = Debug|x64
		{FDC86533-96D5-41B4-A530-693387DEA736}.Debug|x64.Build.0 = Debug|x64
		{FDC86533-96D5-41B4-A530-693387DEA736}.Debug|x64.Deploy.0 = Debug|x64
		{FDC86533-96D5-41B4-A530-693387DEA736}.Debug|x86.ActiveCfg = Debug|x86
		{FDC86533-96D5-41B4-A530-693387DEA736}.Debug|x86.Build.0 = Debug|x86
		{FDC86533-96D5-41B4-A530-693387DEA736}.Debug|x86.Deploy.0 = Debug|x86
		{FDC86533-96D5-41B4-A530-693387DEA736}.Release|Any CPU.ActiveCfg = Release|x86
		{FDC86533-96D5-41B4-A530-693387DEA736}.Release|Any CPU.Build.0 = Release|x86
		{FDC86533-96D5-41B4-A530-693387DEA736}.Release|Any CPU.Deploy.0 = Release|x86
		{FDC86533-96D5-41B4-A530-693387DEA736}.Release|ARM.ActiveCfg = Release|ARM
		{FDC86533-96D5-41B4-A530-693387DEA736}.Release|ARM.Build.0 = Release|ARM
		{FDC86533-96D5-41B4-A530-693387DEA736}.Release|ARM.Deploy.0 = Release|ARM
		{FDC86533-96D5-41B4-A530-693387DEA736}.Release|iPhone.ActiveCfg = Release|x86
		{FDC86533-96D5-41B4-A530-693387DEA736}.Release|iPhone.Build.0 = Release|x86
		{FDC86533-96D5-41B4-A530-693387DEA736}.Release|iPhone.Deploy.0 = Release|x86
		{FDC86533-96D5-41B4-A530-693387DEA736}.Release|iPhoneSimulator.ActiveCfg = Release|x86
		{FDC86533-96D5-41B4-A530-693387DEA736}.Release|iPhoneSimulator.Build.0 = Release|x86
		{FDC86533-96D5-41B4-A530-693387DEA736}.Release|iPhoneSimulator.Deploy.0 = Release|x86
		{FDC86533-96D5-41B4-A530-693387DEA736}.Release|x64.ActiveCfg = Release|x64
		{FDC86533-96D5-41B4-A530-693387DEA736}.Release|x64.Build.0 = Release|x64
		{FDC86533-96D5-41B4-A530-693387DEA736}.Release|x64.Deploy.0 = Release|x64
		{FDC86533-96D5-41B4-A530-693387DEA736}.Release|x86.ActiveCfg = Release|x86
		{FDC86533-96D5-41B4-A530-693387DEA736}.Release|x86.Build.0 = Release|x86
		{FDC86533-96D5-41B4-A530-693387DEA736}.Release|x86.Deploy.0 = Release|x86
		{3317CC35-B36F-42FB-BA98-650D27678D3D}.Ad-Hoc|Any CPU.ActiveCfg = Debug|Any CPU
		{3317CC35-B36F-42FB-BA98-650D27678D3D}.Ad-Hoc|Any CPU.Build.0 = Debug|Any CPU
		{3317CC35-B36F-42FB-BA98-650D27678D3D}.Ad-Hoc|Any CPU.Deploy.0 = Debug|Any CPU
		{3317CC35-B36F-42FB-BA98-650D27678D3D}.Ad-Hoc|ARM.ActiveCfg = Debug|Any CPU
		{3317CC35-B36F-42FB-BA98-650D27678D3D}.Ad-Hoc|ARM.Build.0 = Debug|Any CPU
		{3317CC35-B36F-42FB-BA98-650D27678D3D}.Ad-Hoc|ARM.Deploy.0 = Debug|Any CPU
		{3317CC35-B36F-42FB-BA98-650D27678D3D}.Ad-Hoc|iPhone.ActiveCfg = Debug|Any CPU
		{3317CC35-B36F-42FB-BA98-650D27678D3D}.Ad-Hoc|iPhone.Build.0 = Debug|Any CPU
		{3317CC35-B36F-42FB-BA98-650D27678D3D}.Ad-Hoc|iPhone.Deploy.0 = Debug|Any CPU
		{3317CC35-B36F-42FB-BA98-650D27678D3D}.Ad-Hoc|iPhoneSimulator.ActiveCfg = Debug|Any CPU
		{3317CC35-B36F-42FB-BA98-650D27678D3D}.Ad-Hoc|iPhoneSimulator.Build.0 = Debug|Any CPU
		{3317CC35-B36F-42FB-BA98-650D27678D3D}.Ad-Hoc|iPhoneSimulator.Deploy.0 = Debug|Any CPU
		{3317CC35-B36F-42FB-BA98-650D27678D3D}.Ad-Hoc|x64.ActiveCfg = Debug|Any CPU
		{3317CC35-B36F-42FB-BA98-650D27678D3D}.Ad-Hoc|x64.Build.0 = Debug|Any CPU
		{3317CC35-B36F-42FB-BA98-650D27678D3D}.Ad-Hoc|x64.Deploy.0 = Debug|Any CPU
		{3317CC35-B36F-42FB-BA98-650D27678D3D}.Ad-Hoc|x86.ActiveCfg = Debug|Any CPU
		{3317CC35-B36F-42FB-BA98-650D27678D3D}.Ad-Hoc|x86.Build.0 = Debug|Any CPU
		{3317CC35-B36F-42FB-BA98-650D27678D3D}.Ad-Hoc|x86.Deploy.0 = Debug|Any CPU
		{3317CC35-B36F-42FB-BA98-650D27678D3D}.AppStore|Any CPU.ActiveCfg = Debug|Any CPU
		{3317CC35-B36F-42FB-BA98-650D27678D3D}.AppStore|Any CPU.Build.0 = Debug|Any CPU
		{3317CC35-B36F-42FB-BA98-650D27678D3D}.AppStore|Any CPU.Deploy.0 = Debug|Any CPU
		{3317CC35-B36F-42FB-BA98-650D27678D3D}.AppStore|ARM.ActiveCfg = Debug|Any CPU
		{3317CC35-B36F-42FB-BA98-650D27678D3D}.AppStore|ARM.Build.0 = Debug|Any CPU
		{3317CC35-B36F-42FB-BA98-650D27678D3D}.AppStore|ARM.Deploy.0 = Debug|Any CPU
		{3317CC35-B36F-42FB-BA98-650D27678D3D}.AppStore|iPhone.ActiveCfg = Debug|Any CPU
		{3317CC35-B36F-42FB-BA98-650D27678D3D}.AppStore|iPhone.Build.0 = Debug|Any CPU
		{3317CC35-B36F-42FB-BA98-650D27678D3D}.AppStore|iPhone.Deploy.0 = Debug|Any CPU
		{3317CC35-B36F-42FB-BA98-650D27678D3D}.AppStore|iPhoneSimulator.ActiveCfg = Debug|Any CPU
		{3317CC35-B36F-42FB-BA98-650D27678D3D}.AppStore|iPhoneSimulator.Build.0 = Debug|Any CPU
		{3317CC35-B36F-42FB-BA98-650D27678D3D}.AppStore|iPhoneSimulator.Deploy.0 = Debug|Any CPU
		{3317CC35-B36F-42FB-BA98-650D27678D3D}.AppStore|x64.ActiveCfg = Debug|Any CPU
		{3317CC35-B36F-42FB-BA98-650D27678D3D}.AppStore|x64.Build.0 = Debug|Any CPU
		{3317CC35-B36F-42FB-BA98-650D27678D3D}.AppStore|x64.Deploy.0 = Debug|Any CPU
		{3317CC35-B36F-42FB-BA98-650D27678D3D}.AppStore|x86.ActiveCfg = Debug|Any CPU
		{3317CC35-B36F-42FB-BA98-650D27678D3D}.AppStore|x86.Build.0 = Debug|Any CPU
		{3317CC35-B36F-42FB-BA98-650D27678D3D}.AppStore|x86.Deploy.0 = Debug|Any CPU
		{3317CC35-B36F-42FB-BA98-650D27678D3D}.Debug|Any CPU.ActiveCfg = Debug|Any CPU
		{3317CC35-B36F-42FB-BA98-650D27678D3D}.Debug|Any CPU.Build.0 = Debug|Any CPU
		{3317CC35-B36F-42FB-BA98-650D27678D3D}.Debug|Any CPU.Deploy.0 = Debug|Any CPU
		{3317CC35-B36F-42FB-BA98-650D27678D3D}.Debug|ARM.ActiveCfg = Debug|Any CPU
		{3317CC35-B36F-42FB-BA98-650D27678D3D}.Debug|ARM.Build.0 = Debug|Any CPU
		{3317CC35-B36F-42FB-BA98-650D27678D3D}.Debug|ARM.Deploy.0 = Debug|Any CPU
		{3317CC35-B36F-42FB-BA98-650D27678D3D}.Debug|iPhone.ActiveCfg = Debug|Any CPU
		{3317CC35-B36F-42FB-BA98-650D27678D3D}.Debug|iPhone.Build.0 = Debug|Any CPU
		{3317CC35-B36F-42FB-BA98-650D27678D3D}.Debug|iPhone.Deploy.0 = Debug|Any CPU
		{3317CC35-B36F-42FB-BA98-650D27678D3D}.Debug|iPhoneSimulator.ActiveCfg = Debug|Any CPU
		{3317CC35-B36F-42FB-BA98-650D27678D3D}.Debug|iPhoneSimulator.Build.0 = Debug|Any CPU
		{3317CC35-B36F-42FB-BA98-650D27678D3D}.Debug|iPhoneSimulator.Deploy.0 = Debug|Any CPU
		{3317CC35-B36F-42FB-BA98-650D27678D3D}.Debug|x64.ActiveCfg = Debug|Any CPU
		{3317CC35-B36F-42FB-BA98-650D27678D3D}.Debug|x64.Build.0 = Debug|Any CPU
		{3317CC35-B36F-42FB-BA98-650D27678D3D}.Debug|x64.Deploy.0 = Debug|Any CPU
		{3317CC35-B36F-42FB-BA98-650D27678D3D}.Debug|x86.ActiveCfg = Debug|Any CPU
		{3317CC35-B36F-42FB-BA98-650D27678D3D}.Debug|x86.Build.0 = Debug|Any CPU
		{3317CC35-B36F-42FB-BA98-650D27678D3D}.Debug|x86.Deploy.0 = Debug|Any CPU
		{3317CC35-B36F-42FB-BA98-650D27678D3D}.Release|Any CPU.ActiveCfg = Release|Any CPU
		{3317CC35-B36F-42FB-BA98-650D27678D3D}.Release|Any CPU.Build.0 = Release|Any CPU
		{3317CC35-B36F-42FB-BA98-650D27678D3D}.Release|Any CPU.Deploy.0 = Release|Any CPU
		{3317CC35-B36F-42FB-BA98-650D27678D3D}.Release|ARM.ActiveCfg = Release|Any CPU
		{3317CC35-B36F-42FB-BA98-650D27678D3D}.Release|ARM.Build.0 = Release|Any CPU
		{3317CC35-B36F-42FB-BA98-650D27678D3D}.Release|ARM.Deploy.0 = Release|Any CPU
		{3317CC35-B36F-42FB-BA98-650D27678D3D}.Release|iPhone.ActiveCfg = Release|Any CPU
		{3317CC35-B36F-42FB-BA98-650D27678D3D}.Release|iPhone.Build.0 = Release|Any CPU
		{3317CC35-B36F-42FB-BA98-650D27678D3D}.Release|iPhone.Deploy.0 = Release|Any CPU
		{3317CC35-B36F-42FB-BA98-650D27678D3D}.Release|iPhoneSimulator.ActiveCfg = Release|Any CPU
		{3317CC35-B36F-42FB-BA98-650D27678D3D}.Release|iPhoneSimulator.Build.0 = Release|Any CPU
		{3317CC35-B36F-42FB-BA98-650D27678D3D}.Release|iPhoneSimulator.Deploy.0 = Release|Any CPU
		{3317CC35-B36F-42FB-BA98-650D27678D3D}.Release|x64.ActiveCfg = Release|Any CPU
		{3317CC35-B36F-42FB-BA98-650D27678D3D}.Release|x64.Build.0 = Release|Any CPU
		{3317CC35-B36F-42FB-BA98-650D27678D3D}.Release|x64.Deploy.0 = Release|Any CPU
		{3317CC35-B36F-42FB-BA98-650D27678D3D}.Release|x86.ActiveCfg = Release|Any CPU
		{3317CC35-B36F-42FB-BA98-650D27678D3D}.Release|x86.Build.0 = Release|Any CPU
		{3317CC35-B36F-42FB-BA98-650D27678D3D}.Release|x86.Deploy.0 = Release|Any CPU
	EndGlobalSection
	GlobalSection(SolutionProperties) = preSolution
		HideSolutionNode = FALSE
	EndGlobalSection
	GlobalSection(ExtensibilityGlobals) = postSolution
		SolutionGuid = {3350D954-C7A8-43C0-8738-76D9C7FF93F6}
	EndGlobalSection
EndGlobal
